<?xml version="1.0" encoding="UTF-8" standalone="yes" ?>
<CodeBlocks_project_file>
	<FileVersion major="1" minor="6" />
	<Project>
		<Option title="Lib_c++" />
		<Option pch_mode="2" />
		<Option compiler="gcc" />
		<Option virtualFolders="test\;" />
		<Build>
			<Target title="Debug">
				<Option output="bin\Debug\Lib_c++" prefix_auto="1" extension_auto="1" />
				<Option object_output="obj\Debug\" />
				<Option type="1" />
				<Option compiler="gcc" />
				<Compiler>
					<Add option="-g" />
				</Compiler>
			</Target>
			<Target title="Release">
				<Option output="bin\Release\Lib_c++" prefix_auto="1" extension_auto="1" />
				<Option object_output="obj\Release\" />
				<Option type="1" />
				<Option compiler="gcc" />
				<Compiler>
					<Add option="-O2" />
				</Compiler>
				<Linker>
					<Add option="-s" />
				</Linker>
			</Target>
		</Build>
		<Compiler>
			<Add option="-Wall" />
			<Add option="-fexceptions" />
		</Compiler>
		<Unit filename="Cache.h" />
		<Unit filename="Cache_test.h">
			<Option virtualFolder="test\" />
		</Unit>
		<Unit filename="hash.cpp" />
		<Unit filename="hash.h" />
		<Unit filename="hash_test.h">
			<Option virtualFolder="test\" />
		</Unit>
		<Unit filename="list.cpp" />
		<Unit filename="list.h" />
		<Unit filename="list_test.h">
			<Option virtualFolder="test\" />
		</Unit>
		<Unit filename="main.cpp" />
		<Unit filename="malloc.cpp" />
		<Unit filename="malloc.h" />
		<Unit filename="malloc_test.h">
			<Option virtualFolder="test\" />
		</Unit>
		<Extensions>
			<code_completion />
			<debugger />
		</Extensions>
	</Project>
</CodeBlocks_project_file>
